// !$*UTF8*$!
{
	archiveVersion = 1;
	classes = {
	};
	objectVersion = 56;
	objects = {

/* Begin PBXBuildFile section */
		D84D43EC28D584C1005EA6CD /* AppDelegate.swift in Sources */ = {isa = PBXBuildFile; fileRef = D84D43EB28D584C1005EA6CD /* AppDelegate.swift */; };
		D84D43EE28D584C1005EA6CD /* SceneDelegate.swift in Sources */ = {isa = PBXBuildFile; fileRef = D84D43ED28D584C1005EA6CD /* SceneDelegate.swift */; };
		D84D43F028D584C1005EA6CD /* ViewController.swift in Sources */ = {isa = PBXBuildFile; fileRef = D84D43EF28D584C1005EA6CD /* ViewController.swift */; };
		D84D43F328D584C1005EA6CD /* Main.storyboard in Resources */ = {isa = PBXBuildFile; fileRef = D84D43F128D584C1005EA6CD /* Main.storyboard */; };
		D84D43F528D584C3005EA6CD /* Assets.xcassets in Resources */ = {isa = PBXBuildFile; fileRef = D84D43F428D584C3005EA6CD /* Assets.xcassets */; };
		D84D43F828D584C3005EA6CD /* LaunchScreen.storyboard in Resources */ = {isa = PBXBuildFile; fileRef = D84D43F628D584C3005EA6CD /* LaunchScreen.storyboard */; };
		D84D440328D584C3005EA6CD /* DiceGameTests.swift in Sources */ = {isa = PBXBuildFile; fileRef = D84D440228D584C3005EA6CD /* DiceGameTests.swift */; };
		D84D440D28D584C3005EA6CD /* DiceGameUITests.swift in Sources */ = {isa = PBXBuildFile; fileRef = D84D440C28D584C3005EA6CD /* DiceGameUITests.swift */; };
		D84D440F28D584C3005EA6CD /* DiceGameUITestsLaunchTests.swift in Sources */ = {isa = PBXBuildFile; fileRef = D84D440E28D584C3005EA6CD /* DiceGameUITestsLaunchTests.swift */; };
/* End PBXBuildFile section */

/* Begin PBXContainerItemProxy section */
		D84D43FF28D584C3005EA6CD /* PBXContainerItemProxy */ = {
			isa = PBXContainerItemProxy;
			containerPortal = D84D43E028D584C1005EA6CD /* Project object */;
			proxyType = 1;
			remoteGlobalIDString = D84D43E728D584C1005EA6CD;
			remoteInfo = DiceGame;
		};
		D84D440928D584C3005EA6CD /* PBXContainerItemProxy */ = {
			isa = PBXContainerItemProxy;
			containerPortal = D84D43E028D584C1005EA6CD /* Project object */;
			proxyType = 1;
			remoteGlobalIDString = D84D43E728D584C1005EA6CD;
			remoteInfo = DiceGame;
		};
/* End PBXContainerItemProxy section */

/* Begin PBXFileReference section */
		D84D43E828D584C1005EA6CD /* DiceGame.app */ = {isa = PBXFileReference; explicitFileType = wrapper.application; includeInIndex = 0; path = DiceGame.app; sourceTree = BUILT_PRODUCTS_DIR; };
		D84D43EB28D584C1005EA6CD /* AppDelegate.swift */ = {isa = PBXFileReference; lastKnownFileType = sourcecode.swift; path = AppDelegate.swift; sourceTree = "<group>"; };
		D84D43ED28D584C1005EA6CD /* SceneDelegate.swift */ = {isa = PBXFileReference; lastKnownFileType = sourcecode.swift; path = SceneDelegate.swift; sourceTree = "<group>"; };
		D84D43EF28D584C1005EA6CD /* ViewController.swift */ = {isa = PBXFileReference; lastKnownFileType = sourcecode.swift; path = ViewController.swift; sourceTree = "<group>"; };
		D84D43F228D584C1005EA6CD /* Base */ = {isa = PBXFileReference; lastKnownFileType = file.storyboard; name = Base; path = Base.lproj/Main.storyboard; sourceTree = "<group>"; };
		D84D43F428D584C3005EA6CD /* Assets.xcassets */ = {isa = PBXFileReference; lastKnownFileType = folder.assetcatalog; path = Assets.xcassets; sourceTree = "<group>"; };
		D84D43F728D584C3005EA6CD /* Base */ = {isa = PBXFileReference; lastKnownFileType = file.storyboard; name = Base; path = Base.lproj/LaunchScreen.storyboard; sourceTree = "<group>"; };
		D84D43F928D584C3005EA6CD /* Info.plist */ = {isa = PBXFileReference; lastKnownFileType = text.plist.xml; path = Info.plist; sourceTree = "<group>"; };
		D84D43FE28D584C3005EA6CD /* DiceGameTests.xctest */ = {isa = PBXFileReference; explicitFileType = wrapper.cfbundle; includeInIndex = 0; path = DiceGameTests.xctest; sourceTree = BUILT_PRODUCTS_DIR; };
		D84D440228D584C3005EA6CD /* DiceGameTests.swift */ = {isa = PBXFileReference; lastKnownFileType = sourcecode.swift; path = DiceGameTests.swift; sourceTree = "<group>"; };
		D84D440828D584C3005EA6CD /* DiceGameUITests.xctest */ = {isa = PBXFileReference; explicitFileType = wrapper.cfbundle; includeInIndex = 0; path = DiceGameUITests.xctest; sourceTree = BUILT_PRODUCTS_DIR; };
		D84D440C28D584C3005EA6CD /* DiceGameUITests.swift */ = {isa = PBXFileReference; lastKnownFileType = sourcecode.swift; path = DiceGameUITests.swift; sourceTree = "<group>"; };
		D84D440E28D584C3005EA6CD /* DiceGameUITestsLaunchTests.swift */ = {isa = PBXFileReference; lastKnownFileType = sourcecode.swift; path = DiceGameUITestsLaunchTests.swift; sourceTree = "<group>"; };
/* End PBXFileReference section */

/* Begin PBXFrameworksBuildPhase section */
		D84D43E528D584C1005EA6CD /* Frameworks */ = {
			isa = PBXFrameworksBuildPhase;
			buildActionMask = 2147483647;
			files = (
			);
			runOnlyForDeploymentPostprocessing = 0;
		};
		D84D43FB28D584C3005EA6CD /* Frameworks */ = {
			isa = PBXFrameworksBuildPhase;
			buildActionMask = 2147483647;
			files = (
			);
			runOnlyForDeploymentPostprocessing = 0;
		};
		D84D440528D584C3005EA6CD /* Frameworks */ = {
			isa = PBXFrameworksBuildPhase;
			buildActionMask = 2147483647;
			files = (
			);
			runOnlyForDeploymentPostprocessing = 0;
		};
/* End PBXFrameworksBuildPhase section */

/* Begin PBXGroup section */
		D84D43DF28D584C1005EA6CD = {
			isa = PBXGroup;
			children = (
				D84D43EA28D584C1005EA6CD /* DiceGame */,
				D84D440128D584C3005EA6CD /* DiceGameTests */,
				D84D440B28D584C3005EA6CD /* DiceGameUITests */,
				D84D43E928D584C1005EA6CD /* Products */,
			);
			sourceTree = "<group>";
		};
		D84D43E928D584C1005EA6CD /* Products */ = {
			isa = PBXGroup;
			children = (
				D84D43E828D584C1005EA6CD /* DiceGame.app */,
				D84D43FE28D584C3005EA6CD /* DiceGameTests.xctest */,
				D84D440828D584C3005EA6CD /* DiceGameUITests.xctest */,
			);
			name = Products;
			sourceTree = "<group>";
		};
		D84D43EA28D584C1005EA6CD /* DiceGame */ = {
			isa = PBXGroup;
			children = (
				D84D43EB28D584C1005EA6CD /* AppDelegate.swift */,
				D84D43ED28D584C1005EA6CD /* SceneDelegate.swift */,
				D84D43EF28D584C1005EA6CD /* ViewController.swift */,
				D84D43F128D584C1005EA6CD /* Main.storyboard */,
				D84D43F428D584C3005EA6CD /* Assets.xcassets */,
				D84D43F628D584C3005EA6CD /* LaunchScreen.storyboard */,
				D84D43F928D584C3005EA6CD /* Info.plist */,
			);
			path = DiceGame;
			sourceTree = "<group>";
		};
		D84D440128D584C3005EA6CD /* DiceGameTests */ = {
			isa = PBXGroup;
			children = (
				D84D440228D584C3005EA6CD /* DiceGameTests.swift */,
			);
			path = DiceGameTests;
			sourceTree = "<group>";
		};
		D84D440B28D584C3005EA6CD /* DiceGameUITests */ = {
			isa = PBXGroup;
			children = (
				D84D440C28D584C3005EA6CD /* DiceGameUITests.swift */,
				D84D440E28D584C3005EA6CD /* DiceGameUITestsLaunchTests.swift */,
			);
			path = DiceGameUITests;
			sourceTree = "<group>";
		};
/* End PBXGroup section */

/* Begin PBXNativeTarget section */
		D84D43E728D584C1005EA6CD /* DiceGame */ = {
			isa = PBXNativeTarget;
			buildConfigurationList = D84D441228D584C3005EA6CD /* Build configuration list for PBXNativeTarget "DiceGame" */;
			buildPhases = (
				D84D43E428D584C1005EA6CD /* Sources */,
				D84D43E528D584C1005EA6CD /* Frameworks */,
				D84D43E628D584C1005EA6CD /* Resources */,
			);
			buildRules = (
			);
			dependencies = (
			);
			name = DiceGame;
			productName = DiceGame;
			productReference = D84D43E828D584C1005EA6CD /* DiceGame.app */;
			productType = "com.apple.product-type.application";
		};
		D84D43FD28D584C3005EA6CD /* DiceGameTests */ = {
			isa = PBXNativeTarget;
			buildConfigurationList = D84D441528D584C3005EA6CD /* Build configuration list for PBXNativeTarget "DiceGameTests" */;
			buildPhases = (
				D84D43FA28D584C3005EA6CD /* Sources */,
				D84D43FB28D584C3005EA6CD /* Frameworks */,
				D84D43FC28D584C3005EA6CD /* Resources */,
			);
			buildRules = (
			);
			dependencies = (
				D84D440028D584C3005EA6CD /* PBXTargetDependency */,
			);
			name = DiceGameTests;
			productName = DiceGameTests;
			productReference = D84D43FE28D584C3005EA6CD /* DiceGameTests.xctest */;
			productType = "com.apple.product-type.bundle.unit-test";
		};
		D84D440728D584C3005EA6CD /* DiceGameUITests */ = {
			isa = PBXNativeTarget;
			buildConfigurationList = D84D441828D584C3005EA6CD /* Build configuration list for PBXNativeTarget "DiceGameUITests" */;
			buildPhases = (
				D84D440428D584C3005EA6CD /* Sources */,
				D84D440528D584C3005EA6CD /* Frameworks */,
				D84D440628D584C3005EA6CD /* Resources */,
			);
			buildRules = (
			);
			dependencies = (
				D84D440A28D584C3005EA6CD /* PBXTargetDependency */,
			);
			name = DiceGameUITests;
			productName = DiceGameUITests;
			productReference = D84D440828D584C3005EA6CD /* DiceGameUITests.xctest */;
			productType = "com.apple.product-type.bundle.ui-testing";
		};
/* End PBXNativeTarget section */

/* Begin PBXProject section */
		D84D43E028D584C1005EA6CD /* Project object */ = {
			isa = PBXProject;
			attributes = {
				BuildIndependentTargetsInParallel = 1;
				LastSwiftUpdateCheck = 1400;
				LastUpgradeCheck = 1400;
				TargetAttributes = {
					D84D43E728D584C1005EA6CD = {
						CreatedOnToolsVersion = 14.0;
					};
					D84D43FD28D584C3005EA6CD = {
						CreatedOnToolsVersion = 14.0;
						TestTargetID = D84D43E728D584C1005EA6CD;
					};
					D84D440728D584C3005EA6CD = {
						CreatedOnToolsVersion = 14.0;
						TestTargetID = D84D43E728D584C1005EA6CD;
					};
				};
			};
			buildConfigurationList = D84D43E328D584C1005EA6CD /* Build configuration list for PBXProject "DiceGame" */;
			compatibilityVersion = "Xcode 14.0";
			developmentRegion = en;
			hasScannedForEncodings = 0;
			knownRegions = (
				en,
				Base,
			);
			mainGroup = D84D43DF28D584C1005EA6CD;
			productRefGroup = D84D43E928D584C1005EA6CD /* Products */;
			projectDirPath = "";
			projectRoot = "";
			targets = (
				D84D43E728D584C1005EA6CD /* DiceGame */,
				D84D43FD28D584C3005EA6CD /* DiceGameTests */,
				D84D440728D584C3005EA6CD /* DiceGameUITests */,
			);
		};
/* End PBXProject section */

/* Begin PBXResourcesBuildPhase section */
		D84D43E628D584C1005EA6CD /* Resources */ = {
			isa = PBXResourcesBuildPhase;
			buildActionMask = 2147483647;
			files = (
				D84D43F828D584C3005EA6CD /* LaunchScreen.storyboard in Resources */,
				D84D43F528D584C3005EA6CD /* Assets.xcassets in Resources */,
				D84D43F328D584C1005EA6CD /* Main.storyboard in Resources */,
			);
			runOnlyForDeploymentPostprocessing = 0;
		};
		D84D43FC28D584C3005EA6CD /* Resources */ = {
			isa = PBXResourcesBuildPhase;
			buildActionMask = 2147483647;
			files = (
			);
			runOnlyForDeploymentPostprocessing = 0;
		};
		D84D440628D584C3005EA6CD /* Resources */ = {
			isa = PBXResourcesBuildPhase;
			buildActionMask = 2147483647;
			files = (
			);
			runOnlyForDeploymentPostprocessing = 0;
		};
/* End PBXResourcesBuildPhase section */

/* Begin PBXSourcesBuildPhase section */
		D84D43E428D584C1005EA6CD /* Sources */ = {
			isa = PBXSourcesBuildPhase;
			buildActionMask = 2147483647;
			files = (
				D84D43F028D584C1005EA6CD /* ViewController.swift in Sources */,
				D84D43EC28D584C1005EA6CD /* AppDelegate.swift in Sources */,
				D84D43EE28D584C1005EA6CD /* SceneDelegate.swift in Sources */,
			);
			runOnlyForDeploymentPostprocessing = 0;
		};
		D84D43FA28D584C3005EA6CD /* Sources */ = {
			isa = PBXSourcesBuildPhase;
			buildActionMask = 2147483647;
			files = (
				D84D440328D584C3005EA6CD /* DiceGameTests.swift in Sources */,
			);
			runOnlyForDeploymentPostprocessing = 0;
		};
		D84D440428D584C3005EA6CD /* Sources */ = {
			isa = PBXSourcesBuildPhase;
			buildActionMask = 2147483647;
			files = (
				D84D440F28D584C3005EA6CD /* DiceGameUITestsLaunchTests.swift in Sources */,
				D84D440D28D584C3005EA6CD /* DiceGameUITests.swift in Sources */,
			);
			runOnlyForDeploymentPostprocessing = 0;
		};
/* End PBXSourcesBuildPhase section */

/* Begin PBXTargetDependency section */
		D84D440028D584C3005EA6CD /* PBXTargetDependency */ = {
			isa = PBXTargetDependency;
			target = D84D43E728D584C1005EA6CD /* DiceGame */;
			targetProxy = D84D43FF28D584C3005EA6CD /* PBXContainerItemProxy */;
		};
		D84D440A28D584C3005EA6CD /* PBXTargetDependency */ = {
			isa = PBXTargetDependency;
			target = D84D43E728D584C1005EA6CD /* DiceGame */;
			targetProxy = D84D440928D584C3005EA6CD /* PBXContainerItemProxy */;
		};
/* End PBXTargetDependency section */

/* Begin PBXVariantGroup section */
		D84D43F128D584C1005EA6CD /* Main.storyboard */ = {
			isa = PBXVariantGroup;
			children = (
				D84D43F228D584C1005EA6CD /* Base */,
			);
			name = Main.storyboard;
			sourceTree = "<group>";
		};
		D84D43F628D584C3005EA6CD /* LaunchScreen.storyboard */ = {
			isa = PBXVariantGroup;
			children = (
				D84D43F728D584C3005EA6CD /* Base */,
			);
			name = LaunchScreen.storyboard;
			sourceTree = "<group>";
		};
/* End PBXVariantGroup section */

/* Begin XCBuildConfiguration section */
		D84D441028D584C3005EA6CD /* Debug */ = {
			isa = XCBuildConfiguration;
			buildSettings = {
				ALWAYS_SEARCH_USER_PATHS = NO;
				CLANG_ANALYZER_NONNULL = YES;
				CLANG_ANALYZER_NUMBER_OBJECT_CONVERSION = YES_AGGRESSIVE;
				CLANG_CXX_LANGUAGE_STANDARD = "gnu++20";
				CLANG_ENABLE_MODULES = YES;
				CLANG_ENABLE_OBJC_ARC = YES;
				CLANG_ENABLE_OBJC_WEAK = YES;
				CLANG_WARN_BLOCK_CAPTURE_AUTORELEASING = YES;
				CLANG_WARN_BOOL_CONVERSION = YES;
				CLANG_WARN_COMMA = YES;
				CLANG_WARN_CONSTANT_CONVERSION = YES;
				CLANG_WARN_DEPRECATED_OBJC_IMPLEMENTATIONS = YES;
				CLANG_WARN_DIRECT_OBJC_ISA_USAGE = YES_ERROR;
				CLANG_WARN_DOCUMENTATION_COMMENTS = YES;
				CLANG_WARN_EMPTY_BODY = YES;
				CLANG_WARN_ENUM_CONVERSION = YES;
				CLANG_WARN_INFINITE_RECURSION = YES;
				CLANG_WARN_INT_CONVERSION = YES;
				CLANG_WARN_NON_LITERAL_NULL_CONVERSION = YES;
				CLANG_WARN_OBJC_IMPLICIT_RETAIN_SELF = YES;
				CLANG_WARN_OBJC_LITERAL_CONVERSION = YES;
				CLANG_WARN_OBJC_ROOT_CLASS = YES_ERROR;
				CLANG_WARN_QUOTED_INCLUDE_IN_FRAMEWORK_HEADER = YES;
				CLANG_WARN_RANGE_LOOP_ANALYSIS = YES;
				CLANG_WARN_STRICT_PROTOTYPES = YES;
				CLANG_WARN_SUSPICIOUS_MOVE = YES;
				CLANG_WARN_UNGUARDED_AVAILABILITY = YES_AGGRESSIVE;
				CLANG_WARN_UNREACHABLE_CODE = YES;
				CLANG_WARN__DUPLICATE_METHOD_MATCH = YES;
				COPY_PHASE_STRIP = NO;
				DEBUG_INFORMATION_FORMAT = dwarf;
				ENABLE_STRICT_OBJC_MSGSEND = YES;
				ENABLE_TESTABILITY = YES;
				GCC_C_LANGUAGE_STANDARD = gnu11;
				GCC_DYNAMIC_NO_PIC = NO;
				GCC_NO_COMMON_BLOCKS = YES;
				GCC_OPTIMIZATION_LEVEL = 0;
				GCC_PREPROCESSOR_DEFINITIONS = (
					"DEBUG=1",
					"$(inherited)",
				);
				GCC_WARN_64_TO_32_BIT_CONVERSION = YES;
				GCC_WARN_ABOUT_RETURN_TYPE = YES_ERROR;
				GCC_WARN_UNDECLARED_SELECTOR = YES;
				GCC_WARN_UNINITIALIZED_AUTOS = YES_AGGRESSIVE;
				GCC_WARN_UNUSED_FUNCTION = YES;
				GCC_WARN_UNUSED_VARIABLE = YES;
				IPHONEOS_DEPLOYMENT_TARGET = 16.0;
				MTL_ENABLE_DEBUG_INFO = INCLUDE_SOURCE;
				MTL_FAST_MATH = YES;
				ONLY_ACTIVE_ARCH = YES;
				SDKROOT = iphoneos;
				SWIFT_ACTIVE_COMPILATION_CONDITIONS = DEBUG;
				SWIFT_OPTIMIZATION_LEVEL = "-Onone";
			};
			name = Debug;
		};
		D84D441128D584C3005EA6CD /* Release */ = {
			isa = XCBuildConfiguration;
			buildSettings = {
				ALWAYS_SEARCH_USER_PATHS = NO;
				CLANG_ANALYZER_NONNULL = YES;
				CLANG_ANALYZER_NUMBER_OBJECT_CONVERSION = YES_AGGRESSIVE;
				CLANG_CXX_LANGUAGE_STANDARD = "gnu++20";
				CLANG_ENABLE_MODULES = YES;
				CLANG_ENABLE_OBJC_ARC = YES;
				CLANG_ENABLE_OBJC_WEAK = YES;
				CLANG_WARN_BLOCK_CAPTURE_AUTORELEASING = YES;
				CLANG_WARN_BOOL_CONVERSION = YES;
				CLANG_WARN_COMMA = YES;
				CLANG_WARN_CONSTANT_CONVERSION = YES;
				CLANG_WARN_DEPRECATED_OBJC_IMPLEMENTATIONS = YES;
				CLANG_WARN_DIRECT_OBJC_ISA_USAGE = YES_ERROR;
				CLANG_WARN_DOCUMENTATION_COMMENTS = YES;
				CLANG_WARN_EMPTY_BODY = YES;
				CLANG_WARN_ENUM_CONVERSION = YES;
				CLANG_WARN_INFINITE_RECURSION = YES;
				CLANG_WARN_INT_CONVERSION = YES;
				CLANG_WARN_NON_LITERAL_NULL_CONVERSION = YES;
				CLANG_WARN_OBJC_IMPLICIT_RETAIN_SELF = YES;
				CLANG_WARN_OBJC_LITERAL_CONVERSION = YES;
				CLANG_WARN_OBJC_ROOT_CLASS = YES_ERROR;
				CLANG_WARN_QUOTED_INCLUDE_IN_FRAMEWORK_HEADER = YES;
				CLANG_WARN_RANGE_LOOP_ANALYSIS = YES;
				CLANG_WARN_STRICT_PROTOTYPES = YES;
				CLANG_WARN_SUSPICIOUS_MOVE = YES;
				CLANG_WARN_UNGUARDED_AVAILABILITY = YES_AGGRESSIVE;
				CLANG_WARN_UNREACHABLE_CODE = YES;
				CLANG_WARN__DUPLICATE_METHOD_MATCH = YES;
				COPY_PHASE_STRIP = NO;
				DEBUG_INFORMATION_FORMAT = "dwarf-with-dsym";
				ENABLE_NS_ASSERTIONS = NO;
				ENABLE_STRICT_OBJC_MSGSEND = YES;
				GCC_C_LANGUAGE_STANDARD = gnu11;
				GCC_NO_COMMON_BLOCKS = YES;
				GCC_WARN_64_TO_32_BIT_CONVERSION = YES;
				GCC_WARN_ABOUT_RETURN_TYPE = YES_ERROR;
				GCC_WARN_UNDECLARED_SELECTOR = YES;
				GCC_WARN_UNINITIALIZED_AUTOS = YES_AGGRESSIVE;
				GCC_WARN_UNUSED_FUNCTION = YES;
				GCC_WARN_UNUSED_VARIABLE = YES;
				IPHONEOS_DEPLOYMENT_TARGET = 16.0;
				MTL_ENABLE_DEBUG_INFO = NO;
				MTL_FAST_MATH = YES;
				SDKROOT = iphoneos;
				SWIFT_COMPILATION_MODE = wholemodule;
				SWIFT_OPTIMIZATION_LEVEL = "-O";
				VALIDATE_PRODUCT = YES;
			};
			name = Release;
		};
		D84D441328D584C3005EA6CD /* Debug */ = {
			isa = XCBuildConfiguration;
			buildSettings = {
				ASSETCATALOG_COMPILER_APPICON_NAME = AppIcon;
				ASSETCATALOG_COMPILER_GLOBAL_ACCENT_COLOR_NAME = AccentColor;
				CODE_SIGN_STYLE = Automatic;
				CURRENT_PROJECT_VERSION = 1;
				DEVELOPMENT_TEAM = TK8FVHX9VB;
				GENERATE_INFOPLIST_FILE = YES;
				INFOPLIST_FILE = DiceGame/Info.plist;
				INFOPLIST_KEY_UIApplicationSupportsIndirectInputEvents = YES;
				INFOPLIST_KEY_UILaunchStoryboardName = LaunchScreen;
				INFOPLIST_KEY_UIMainStoryboardFile = Main;
				INFOPLIST_KEY_UISupportedInterfaceOrientations_iPad = "UIInterfaceOrientationPortrait UIInterfaceOrientationPortraitUpsideDown UIInterfaceOrientationLandscapeLeft UIInterfaceOrientationLandscapeRight";
				INFOPLIST_KEY_UISupportedInterfaceOrientations_iPhone = "UIInterfaceOrientationPortrait UIInterfaceOrientationLandscapeLeft UIInterfaceOrientationLandscapeRight";
				LD_RUNPATH_SEARCH_PATHS = (
					"$(inherited)",
					"@executable_path/Frameworks",
				);
				MARKETING_VERSION = 1.0;
				PRODUCT_BUNDLE_IDENTIFIER = "C-HW.DiceGame";
				PRODUCT_NAME = "$(TARGET_NAME)";
				SWIFT_EMIT_LOC_STRINGS = YES;
				SWIFT_VERSION = 5.0;
				TARGETED_DEVICE_FAMILY = "1,2";
			};
			name = Debug;
		};
		D84D441428D584C3005EA6CD /* Release */ = {
			isa = XCBuildConfiguration;
			buildSettings = {
				ASSETCATALOG_COMPILER_APPICON_NAME = AppIcon;
				ASSETCATALOG_COMPILER_GLOBAL_ACCENT_COLOR_NAME = AccentColor;
				CODE_SIGN_STYLE = Automatic;
				CURRENT_PROJECT_VERSION = 1;
				DEVELOPMENT_TEAM = TK8FVHX9VB;
				GENERATE_INFOPLIST_FILE = YES;
				INFOPLIST_FILE = DiceGame/Info.plist;
				INFOPLIST_KEY_UIApplicationSupportsIndirectInputEvents = YES;
				INFOPLIST_KEY_UILaunchStoryboardName = LaunchScreen;
				INFOPLIST_KEY_UIMainStoryboardFile = Main;
				INFOPLIST_KEY_UISupportedInterfaceOrientations_iPad = "UIInterfaceOrientationPortrait UIInterfaceOrientationPortraitUpsideDown UIInterfaceOrientationLandscapeLeft UIInterfaceOrientationLandscapeRight";
				INFOPLIST_KEY_UISupportedInterfaceOrientations_iPhone = "UIInterfaceOrientationPortrait UIInterfaceOrientationLandscapeLeft UIInterfaceOrientationLandscapeRight";
				LD_RUNPATH_SEARCH_PATHS = (
					"$(inherited)",
					"@executable_path/Frameworks",
				);
				MARKETING_VERSION = 1.0;
				PRODUCT_BUNDLE_IDENTIFIER = "C-HW.DiceGame";
				PRODUCT_NAME = "$(TARGET_NAME)";
				SWIFT_EMIT_LOC_STRINGS = YES;
				SWIFT_VERSION = 5.0;
				TARGETED_DEVICE_FAMILY = "1,2";
			};
			name = Release;
		};
		D84D441628D584C3005EA6CD /* Debug */ = {
			isa = XCBuildConfiguration;
			buildSettings = {
				ALWAYS_EMBED_SWIFT_STANDARD_LIBRARIES = YES;
				BUNDLE_LOADER = "$(TEST_HOST)";
				CODE_SIGN_STYLE = Automatic;
				CURRENT_PROJECT_VERSION = 1;
				DEVELOPMENT_TEAM = TK8FVHX9VB;
				GENERATE_INFOPLIST_FILE = YES;
				IPHONEOS_DEPLOYMENT_TARGET = 16.0;
				MARKETING_VERSION = 1.0;
				PRODUCT_BUNDLE_IDENTIFIER = "C-HW.DiceGameTests";
				PRODUCT_NAME = "$(TARGET_NAME)";
				SWIFT_EMIT_LOC_STRINGS = NO;
				SWIFT_VERSION = 5.0;
				TARGETED_DEVICE_FAMILY = "1,2";
				TEST_HOST = "$(BUILT_PRODUCTS_DIR)/DiceGame.app/$(BUNDLE_EXECUTABLE_FOLDER_PATH)/DiceGame";
			};
			name = Debug;
		};
		D84D441728D584C3005EA6CD /* Release */ = {
			isa = XCBuildConfiguration;
			buildSettings = {
				ALWAYS_EMBED_SWIFT_STANDARD_LIBRARIES = YES;
				BUNDLE_LOADER = "$(TEST_HOST)";
				CODE_SIGN_STYLE = Automatic;
				CURRENT_PROJECT_VERSION = 1;
				DEVELOPMENT_TEAM = TK8FVHX9VB;
				GENERATE_INFOPLIST_FILE = YES;
				IPHONEOS_DEPLOYMENT_TARGET = 16.0;
				MARKETING_VERSION = 1.0;
				PRODUCT_BUNDLE_IDENTIFIER = "C-HW.DiceGameTests";
				PRODUCT_NAME = "$(TARGET_NAME)";
				SWIFT_EMIT_LOC_STRINGS = NO;
				SWIFT_VERSION = 5.0;
				TARGETED_DEVICE_FAMILY = "1,2";
				TEST_HOST = "$(BUILT_PRODUCTS_DIR)/DiceGame.app/$(BUNDLE_EXECUTABLE_FOLDER_PATH)/DiceGame";
			};
			name = Release;
		};
		D84D441928D584C3005EA6CD /* Debug */ = {
			isa = XCBuildConfiguration;
			buildSettings = {
				ALWAYS_EMBED_SWIFT_STANDARD_LIBRARIES = YES;
				CODE_SIGN_STYLE = Automatic;
				CURRENT_PROJECT_VERSION = 1;
				DEVELOPMENT_TEAM = TK8FVHX9VB;
				GENERATE_INFOPLIST_FILE = YES;
				MARKETING_VERSION = 1.0;
				PRODUCT_BUNDLE_IDENTIFIER = "C-HW.DiceGameUITests";
				PRODUCT_NAME = "$(TARGET_NAME)";
				SWIFT_EMIT_LOC_STRINGS = NO;
				SWIFT_VERSION = 5.0;
				TARGETED_DEVICE_FAMILY = "1,2";
				TEST_TARGET_NAME = DiceGame;
			};
			name = Debug;
		};
		D84D441A28D584C3005EA6CD /* Release */ = {
			isa = XCBuildConfiguration;
			buildSettings = {
				ALWAYS_EMBED_SWIFT_STANDARD_LIBRARIES = YES;
				CODE_SIGN_STYLE = Automatic;
				CURRENT_PROJECT_VERSION = 1;
				DEVELOPMENT_TEAM = TK8FVHX9VB;
				GENERATE_INFOPLIST_FILE = YES;
				MARKETING_VERSION = 1.0;
				PRODUCT_BUNDLE_IDENTIFIER = "C-HW.DiceGameUITests";
				PRODUCT_NAME = "$(TARGET_NAME)";
				SWIFT_EMIT_LOC_STRINGS = NO;
				SWIFT_VERSION = 5.0;
				TARGETED_DEVICE_FAMILY = "1,2";
				TEST_TARGET_NAME = DiceGame;
			};
			name = Release;
		};
/* End XCBuildConfiguration section */

/* Begin XCConfigurationList section */
		D84D43E328D584C1005EA6CD /* Build configuration list for PBXProject "DiceGame" */ = {
			isa = XCConfigurationList;
			buildConfigurations = (
				D84D441028D584C3005EA6CD /* Debug */,
				D84D441128D584C3005EA6CD /* Release */,
			);
			defaultConfigurationIsVisible = 0;
			defaultConfigurationName = Release;
		};
		D84D441228D584C3005EA6CD /* Build configuration list for PBXNativeTarget "DiceGame" */ = {
			isa = XCConfigurationList;
			buildConfigurations = (
				D84D441328D584C3005EA6CD /* Debug */,
				D84D441428D584C3005EA6CD /* Release */,
			);
			defaultConfigurationIsVisible = 0;
			defaultConfigurationName = Release;
		};
		D84D441528D584C3005EA6CD /* Build configuration list for PBXNativeTarget "DiceGameTests" */ = {
			isa = XCConfigurationList;
			buildConfigurations = (
				D84D441628D584C3005EA6CD /* Debug */,
				D84D441728D584C3005EA6CD /* Release */,
			);
			defaultConfigurationIsVisible = 0;
			defaultConfigurationName = Release;
		};
		D84D441828D584C3005EA6CD /* Build configuration list for PBXNativeTarget "DiceGameUITests" */ = {
			isa = XCConfigurationList;
			buildConfigurations = (
				D84D441928D584C3005EA6CD /* Debug */,
				D84D441A28D584C3005EA6CD /* Release */,
			);
			defaultConfigurationIsVisible = 0;
			defaultConfigurationName = Release;
		};
/* End XCConfigurationList section */
	};
	rootObject = D84D43E028D584C1005EA6CD /* Project object */;
}
