// !$*UTF8*$!
{
	archiveVersion = 1;
	classes = {
	};
	objectVersion = 56;
	objects = {

/* Begin PBXBuildFile section */
		D800675228DAEE7700BFBDF1 /* AppDelegate.swift in Sources */ = {isa = PBXBuildFile; fileRef = D800675128DAEE7700BFBDF1 /* AppDelegate.swift */; };
		D800675428DAEE7700BFBDF1 /* SceneDelegate.swift in Sources */ = {isa = PBXBuildFile; fileRef = D800675328DAEE7700BFBDF1 /* SceneDelegate.swift */; };
		D800675628DAEE7700BFBDF1 /* ViewController.swift in Sources */ = {isa = PBXBuildFile; fileRef = D800675528DAEE7700BFBDF1 /* ViewController.swift */; };
		D800675928DAEE7700BFBDF1 /* Main.storyboard in Resources */ = {isa = PBXBuildFile; fileRef = D800675728DAEE7700BFBDF1 /* Main.storyboard */; };
		D800675B28DAEE7900BFBDF1 /* Assets.xcassets in Resources */ = {isa = PBXBuildFile; fileRef = D800675A28DAEE7900BFBDF1 /* Assets.xcassets */; };
		D800675E28DAEE7900BFBDF1 /* LaunchScreen.storyboard in Resources */ = {isa = PBXBuildFile; fileRef = D800675C28DAEE7900BFBDF1 /* LaunchScreen.storyboard */; };
		D800676928DAEE7900BFBDF1 /* LoginProjectTests.swift in Sources */ = {isa = PBXBuildFile; fileRef = D800676828DAEE7900BFBDF1 /* LoginProjectTests.swift */; };
		D800677328DAEE7900BFBDF1 /* LoginProjectUITests.swift in Sources */ = {isa = PBXBuildFile; fileRef = D800677228DAEE7900BFBDF1 /* LoginProjectUITests.swift */; };
		D800677528DAEE7900BFBDF1 /* LoginProjectUITestsLaunchTests.swift in Sources */ = {isa = PBXBuildFile; fileRef = D800677428DAEE7900BFBDF1 /* LoginProjectUITestsLaunchTests.swift */; };
/* End PBXBuildFile section */

/* Begin PBXContainerItemProxy section */
		D800676528DAEE7900BFBDF1 /* PBXContainerItemProxy */ = {
			isa = PBXContainerItemProxy;
			containerPortal = D800674628DAEE7700BFBDF1 /* Project object */;
			proxyType = 1;
			remoteGlobalIDString = D800674D28DAEE7700BFBDF1;
			remoteInfo = LoginProject;
		};
		D800676F28DAEE7900BFBDF1 /* PBXContainerItemProxy */ = {
			isa = PBXContainerItemProxy;
			containerPortal = D800674628DAEE7700BFBDF1 /* Project object */;
			proxyType = 1;
			remoteGlobalIDString = D800674D28DAEE7700BFBDF1;
			remoteInfo = LoginProject;
		};
/* End PBXContainerItemProxy section */

/* Begin PBXFileReference section */
		D800674E28DAEE7700BFBDF1 /* LoginProject.app */ = {isa = PBXFileReference; explicitFileType = wrapper.application; includeInIndex = 0; path = LoginProject.app; sourceTree = BUILT_PRODUCTS_DIR; };
		D800675128DAEE7700BFBDF1 /* AppDelegate.swift */ = {isa = PBXFileReference; lastKnownFileType = sourcecode.swift; path = AppDelegate.swift; sourceTree = "<group>"; };
		D800675328DAEE7700BFBDF1 /* SceneDelegate.swift */ = {isa = PBXFileReference; lastKnownFileType = sourcecode.swift; path = SceneDelegate.swift; sourceTree = "<group>"; };
		D800675528DAEE7700BFBDF1 /* ViewController.swift */ = {isa = PBXFileReference; lastKnownFileType = sourcecode.swift; path = ViewController.swift; sourceTree = "<group>"; };
		D800675828DAEE7700BFBDF1 /* Base */ = {isa = PBXFileReference; lastKnownFileType = file.storyboard; name = Base; path = Base.lproj/Main.storyboard; sourceTree = "<group>"; };
		D800675A28DAEE7900BFBDF1 /* Assets.xcassets */ = {isa = PBXFileReference; lastKnownFileType = folder.assetcatalog; path = Assets.xcassets; sourceTree = "<group>"; };
		D800675D28DAEE7900BFBDF1 /* Base */ = {isa = PBXFileReference; lastKnownFileType = file.storyboard; name = Base; path = Base.lproj/LaunchScreen.storyboard; sourceTree = "<group>"; };
		D800675F28DAEE7900BFBDF1 /* Info.plist */ = {isa = PBXFileReference; lastKnownFileType = text.plist.xml; path = Info.plist; sourceTree = "<group>"; };
		D800676428DAEE7900BFBDF1 /* LoginProjectTests.xctest */ = {isa = PBXFileReference; explicitFileType = wrapper.cfbundle; includeInIndex = 0; path = LoginProjectTests.xctest; sourceTree = BUILT_PRODUCTS_DIR; };
		D800676828DAEE7900BFBDF1 /* LoginProjectTests.swift */ = {isa = PBXFileReference; lastKnownFileType = sourcecode.swift; path = LoginProjectTests.swift; sourceTree = "<group>"; };
		D800676E28DAEE7900BFBDF1 /* LoginProjectUITests.xctest */ = {isa = PBXFileReference; explicitFileType = wrapper.cfbundle; includeInIndex = 0; path = LoginProjectUITests.xctest; sourceTree = BUILT_PRODUCTS_DIR; };
		D800677228DAEE7900BFBDF1 /* LoginProjectUITests.swift */ = {isa = PBXFileReference; lastKnownFileType = sourcecode.swift; path = LoginProjectUITests.swift; sourceTree = "<group>"; };
		D800677428DAEE7900BFBDF1 /* LoginProjectUITestsLaunchTests.swift */ = {isa = PBXFileReference; lastKnownFileType = sourcecode.swift; path = LoginProjectUITestsLaunchTests.swift; sourceTree = "<group>"; };
/* End PBXFileReference section */

/* Begin PBXFrameworksBuildPhase section */
		D800674B28DAEE7700BFBDF1 /* Frameworks */ = {
			isa = PBXFrameworksBuildPhase;
			buildActionMask = 2147483647;
			files = (
			);
			runOnlyForDeploymentPostprocessing = 0;
		};
		D800676128DAEE7900BFBDF1 /* Frameworks */ = {
			isa = PBXFrameworksBuildPhase;
			buildActionMask = 2147483647;
			files = (
			);
			runOnlyForDeploymentPostprocessing = 0;
		};
		D800676B28DAEE7900BFBDF1 /* Frameworks */ = {
			isa = PBXFrameworksBuildPhase;
			buildActionMask = 2147483647;
			files = (
			);
			runOnlyForDeploymentPostprocessing = 0;
		};
/* End PBXFrameworksBuildPhase section */

/* Begin PBXGroup section */
		D800674528DAEE7700BFBDF1 = {
			isa = PBXGroup;
			children = (
				D800675028DAEE7700BFBDF1 /* LoginProject */,
				D800676728DAEE7900BFBDF1 /* LoginProjectTests */,
				D800677128DAEE7900BFBDF1 /* LoginProjectUITests */,
				D800674F28DAEE7700BFBDF1 /* Products */,
			);
			sourceTree = "<group>";
		};
		D800674F28DAEE7700BFBDF1 /* Products */ = {
			isa = PBXGroup;
			children = (
				D800674E28DAEE7700BFBDF1 /* LoginProject.app */,
				D800676428DAEE7900BFBDF1 /* LoginProjectTests.xctest */,
				D800676E28DAEE7900BFBDF1 /* LoginProjectUITests.xctest */,
			);
			name = Products;
			sourceTree = "<group>";
		};
		D800675028DAEE7700BFBDF1 /* LoginProject */ = {
			isa = PBXGroup;
			children = (
				D800675128DAEE7700BFBDF1 /* AppDelegate.swift */,
				D800675328DAEE7700BFBDF1 /* SceneDelegate.swift */,
				D800675528DAEE7700BFBDF1 /* ViewController.swift */,
				D800675728DAEE7700BFBDF1 /* Main.storyboard */,
				D800675A28DAEE7900BFBDF1 /* Assets.xcassets */,
				D800675C28DAEE7900BFBDF1 /* LaunchScreen.storyboard */,
				D800675F28DAEE7900BFBDF1 /* Info.plist */,
			);
			path = LoginProject;
			sourceTree = "<group>";
		};
		D800676728DAEE7900BFBDF1 /* LoginProjectTests */ = {
			isa = PBXGroup;
			children = (
				D800676828DAEE7900BFBDF1 /* LoginProjectTests.swift */,
			);
			path = LoginProjectTests;
			sourceTree = "<group>";
		};
		D800677128DAEE7900BFBDF1 /* LoginProjectUITests */ = {
			isa = PBXGroup;
			children = (
				D800677228DAEE7900BFBDF1 /* LoginProjectUITests.swift */,
				D800677428DAEE7900BFBDF1 /* LoginProjectUITestsLaunchTests.swift */,
			);
			path = LoginProjectUITests;
			sourceTree = "<group>";
		};
/* End PBXGroup section */

/* Begin PBXNativeTarget section */
		D800674D28DAEE7700BFBDF1 /* LoginProject */ = {
			isa = PBXNativeTarget;
			buildConfigurationList = D800677828DAEE7900BFBDF1 /* Build configuration list for PBXNativeTarget "LoginProject" */;
			buildPhases = (
				D800674A28DAEE7700BFBDF1 /* Sources */,
				D800674B28DAEE7700BFBDF1 /* Frameworks */,
				D800674C28DAEE7700BFBDF1 /* Resources */,
			);
			buildRules = (
			);
			dependencies = (
			);
			name = LoginProject;
			productName = LoginProject;
			productReference = D800674E28DAEE7700BFBDF1 /* LoginProject.app */;
			productType = "com.apple.product-type.application";
		};
		D800676328DAEE7900BFBDF1 /* LoginProjectTests */ = {
			isa = PBXNativeTarget;
			buildConfigurationList = D800677B28DAEE7900BFBDF1 /* Build configuration list for PBXNativeTarget "LoginProjectTests" */;
			buildPhases = (
				D800676028DAEE7900BFBDF1 /* Sources */,
				D800676128DAEE7900BFBDF1 /* Frameworks */,
				D800676228DAEE7900BFBDF1 /* Resources */,
			);
			buildRules = (
			);
			dependencies = (
				D800676628DAEE7900BFBDF1 /* PBXTargetDependency */,
			);
			name = LoginProjectTests;
			productName = LoginProjectTests;
			productReference = D800676428DAEE7900BFBDF1 /* LoginProjectTests.xctest */;
			productType = "com.apple.product-type.bundle.unit-test";
		};
		D800676D28DAEE7900BFBDF1 /* LoginProjectUITests */ = {
			isa = PBXNativeTarget;
			buildConfigurationList = D800677E28DAEE7900BFBDF1 /* Build configuration list for PBXNativeTarget "LoginProjectUITests" */;
			buildPhases = (
				D800676A28DAEE7900BFBDF1 /* Sources */,
				D800676B28DAEE7900BFBDF1 /* Frameworks */,
				D800676C28DAEE7900BFBDF1 /* Resources */,
			);
			buildRules = (
			);
			dependencies = (
				D800677028DAEE7900BFBDF1 /* PBXTargetDependency */,
			);
			name = LoginProjectUITests;
			productName = LoginProjectUITests;
			productReference = D800676E28DAEE7900BFBDF1 /* LoginProjectUITests.xctest */;
			productType = "com.apple.product-type.bundle.ui-testing";
		};
/* End PBXNativeTarget section */

/* Begin PBXProject section */
		D800674628DAEE7700BFBDF1 /* Project object */ = {
			isa = PBXProject;
			attributes = {
				BuildIndependentTargetsInParallel = 1;
				LastSwiftUpdateCheck = 1400;
				LastUpgradeCheck = 1400;
				TargetAttributes = {
					D800674D28DAEE7700BFBDF1 = {
						CreatedOnToolsVersion = 14.0;
					};
					D800676328DAEE7900BFBDF1 = {
						CreatedOnToolsVersion = 14.0;
						TestTargetID = D800674D28DAEE7700BFBDF1;
					};
					D800676D28DAEE7900BFBDF1 = {
						CreatedOnToolsVersion = 14.0;
						TestTargetID = D800674D28DAEE7700BFBDF1;
					};
				};
			};
			buildConfigurationList = D800674928DAEE7700BFBDF1 /* Build configuration list for PBXProject "LoginProject" */;
			compatibilityVersion = "Xcode 14.0";
			developmentRegion = en;
			hasScannedForEncodings = 0;
			knownRegions = (
				en,
				Base,
			);
			mainGroup = D800674528DAEE7700BFBDF1;
			productRefGroup = D800674F28DAEE7700BFBDF1 /* Products */;
			projectDirPath = "";
			projectRoot = "";
			targets = (
				D800674D28DAEE7700BFBDF1 /* LoginProject */,
				D800676328DAEE7900BFBDF1 /* LoginProjectTests */,
				D800676D28DAEE7900BFBDF1 /* LoginProjectUITests */,
			);
		};
/* End PBXProject section */

/* Begin PBXResourcesBuildPhase section */
		D800674C28DAEE7700BFBDF1 /* Resources */ = {
			isa = PBXResourcesBuildPhase;
			buildActionMask = 2147483647;
			files = (
				D800675E28DAEE7900BFBDF1 /* LaunchScreen.storyboard in Resources */,
				D800675B28DAEE7900BFBDF1 /* Assets.xcassets in Resources */,
				D800675928DAEE7700BFBDF1 /* Main.storyboard in Resources */,
			);
			runOnlyForDeploymentPostprocessing = 0;
		};
		D800676228DAEE7900BFBDF1 /* Resources */ = {
			isa = PBXResourcesBuildPhase;
			buildActionMask = 2147483647;
			files = (
			);
			runOnlyForDeploymentPostprocessing = 0;
		};
		D800676C28DAEE7900BFBDF1 /* Resources */ = {
			isa = PBXResourcesBuildPhase;
			buildActionMask = 2147483647;
			files = (
			);
			runOnlyForDeploymentPostprocessing = 0;
		};
/* End PBXResourcesBuildPhase section */

/* Begin PBXSourcesBuildPhase section */
		D800674A28DAEE7700BFBDF1 /* Sources */ = {
			isa = PBXSourcesBuildPhase;
			buildActionMask = 2147483647;
			files = (
				D800675628DAEE7700BFBDF1 /* ViewController.swift in Sources */,
				D800675228DAEE7700BFBDF1 /* AppDelegate.swift in Sources */,
				D800675428DAEE7700BFBDF1 /* SceneDelegate.swift in Sources */,
			);
			runOnlyForDeploymentPostprocessing = 0;
		};
		D800676028DAEE7900BFBDF1 /* Sources */ = {
			isa = PBXSourcesBuildPhase;
			buildActionMask = 2147483647;
			files = (
				D800676928DAEE7900BFBDF1 /* LoginProjectTests.swift in Sources */,
			);
			runOnlyForDeploymentPostprocessing = 0;
		};
		D800676A28DAEE7900BFBDF1 /* Sources */ = {
			isa = PBXSourcesBuildPhase;
			buildActionMask = 2147483647;
			files = (
				D800677528DAEE7900BFBDF1 /* LoginProjectUITestsLaunchTests.swift in Sources */,
				D800677328DAEE7900BFBDF1 /* LoginProjectUITests.swift in Sources */,
			);
			runOnlyForDeploymentPostprocessing = 0;
		};
/* End PBXSourcesBuildPhase section */

/* Begin PBXTargetDependency section */
		D800676628DAEE7900BFBDF1 /* PBXTargetDependency */ = {
			isa = PBXTargetDependency;
			target = D800674D28DAEE7700BFBDF1 /* LoginProject */;
			targetProxy = D800676528DAEE7900BFBDF1 /* PBXContainerItemProxy */;
		};
		D800677028DAEE7900BFBDF1 /* PBXTargetDependency */ = {
			isa = PBXTargetDependency;
			target = D800674D28DAEE7700BFBDF1 /* LoginProject */;
			targetProxy = D800676F28DAEE7900BFBDF1 /* PBXContainerItemProxy */;
		};
/* End PBXTargetDependency section */

/* Begin PBXVariantGroup section */
		D800675728DAEE7700BFBDF1 /* Main.storyboard */ = {
			isa = PBXVariantGroup;
			children = (
				D800675828DAEE7700BFBDF1 /* Base */,
			);
			name = Main.storyboard;
			sourceTree = "<group>";
		};
		D800675C28DAEE7900BFBDF1 /* LaunchScreen.storyboard */ = {
			isa = PBXVariantGroup;
			children = (
				D800675D28DAEE7900BFBDF1 /* Base */,
			);
			name = LaunchScreen.storyboard;
			sourceTree = "<group>";
		};
/* End PBXVariantGroup section */

/* Begin XCBuildConfiguration section */
		D800677628DAEE7900BFBDF1 /* Debug */ = {
			isa = XCBuildConfiguration;
			buildSettings = {
				ALWAYS_SEARCH_USER_PATHS = NO;
				CLANG_ANALYZER_NONNULL = YES;
				CLANG_ANALYZER_NUMBER_OBJECT_CONVERSION = YES_AGGRESSIVE;
				CLANG_CXX_LANGUAGE_STANDARD = "gnu++20";
				CLANG_ENABLE_MODULES = YES;
				CLANG_ENABLE_OBJC_ARC = YES;
				CLANG_ENABLE_OBJC_WEAK = YES;
				CLANG_WARN_BLOCK_CAPTURE_AUTORELEASING = YES;
				CLANG_WARN_BOOL_CONVERSION = YES;
				CLANG_WARN_COMMA = YES;
				CLANG_WARN_CONSTANT_CONVERSION = YES;
				CLANG_WARN_DEPRECATED_OBJC_IMPLEMENTATIONS = YES;
				CLANG_WARN_DIRECT_OBJC_ISA_USAGE = YES_ERROR;
				CLANG_WARN_DOCUMENTATION_COMMENTS = YES;
				CLANG_WARN_EMPTY_BODY = YES;
				CLANG_WARN_ENUM_CONVERSION = YES;
				CLANG_WARN_INFINITE_RECURSION = YES;
				CLANG_WARN_INT_CONVERSION = YES;
				CLANG_WARN_NON_LITERAL_NULL_CONVERSION = YES;
				CLANG_WARN_OBJC_IMPLICIT_RETAIN_SELF = YES;
				CLANG_WARN_OBJC_LITERAL_CONVERSION = YES;
				CLANG_WARN_OBJC_ROOT_CLASS = YES_ERROR;
				CLANG_WARN_QUOTED_INCLUDE_IN_FRAMEWORK_HEADER = YES;
				CLANG_WARN_RANGE_LOOP_ANALYSIS = YES;
				CLANG_WARN_STRICT_PROTOTYPES = YES;
				CLANG_WARN_SUSPICIOUS_MOVE = YES;
				CLANG_WARN_UNGUARDED_AVAILABILITY = YES_AGGRESSIVE;
				CLANG_WARN_UNREACHABLE_CODE = YES;
				CLANG_WARN__DUPLICATE_METHOD_MATCH = YES;
				COPY_PHASE_STRIP = NO;
				DEBUG_INFORMATION_FORMAT = dwarf;
				ENABLE_STRICT_OBJC_MSGSEND = YES;
				ENABLE_TESTABILITY = YES;
				GCC_C_LANGUAGE_STANDARD = gnu11;
				GCC_DYNAMIC_NO_PIC = NO;
				GCC_NO_COMMON_BLOCKS = YES;
				GCC_OPTIMIZATION_LEVEL = 0;
				GCC_PREPROCESSOR_DEFINITIONS = (
					"DEBUG=1",
					"$(inherited)",
				);
				GCC_WARN_64_TO_32_BIT_CONVERSION = YES;
				GCC_WARN_ABOUT_RETURN_TYPE = YES_ERROR;
				GCC_WARN_UNDECLARED_SELECTOR = YES;
				GCC_WARN_UNINITIALIZED_AUTOS = YES_AGGRESSIVE;
				GCC_WARN_UNUSED_FUNCTION = YES;
				GCC_WARN_UNUSED_VARIABLE = YES;
				IPHONEOS_DEPLOYMENT_TARGET = 16.0;
				MTL_ENABLE_DEBUG_INFO = INCLUDE_SOURCE;
				MTL_FAST_MATH = YES;
				ONLY_ACTIVE_ARCH = YES;
				SDKROOT = iphoneos;
				SWIFT_ACTIVE_COMPILATION_CONDITIONS = DEBUG;
				SWIFT_OPTIMIZATION_LEVEL = "-Onone";
			};
			name = Debug;
		};
		D800677728DAEE7900BFBDF1 /* Release */ = {
			isa = XCBuildConfiguration;
			buildSettings = {
				ALWAYS_SEARCH_USER_PATHS = NO;
				CLANG_ANALYZER_NONNULL = YES;
				CLANG_ANALYZER_NUMBER_OBJECT_CONVERSION = YES_AGGRESSIVE;
				CLANG_CXX_LANGUAGE_STANDARD = "gnu++20";
				CLANG_ENABLE_MODULES = YES;
				CLANG_ENABLE_OBJC_ARC = YES;
				CLANG_ENABLE_OBJC_WEAK = YES;
				CLANG_WARN_BLOCK_CAPTURE_AUTORELEASING = YES;
				CLANG_WARN_BOOL_CONVERSION = YES;
				CLANG_WARN_COMMA = YES;
				CLANG_WARN_CONSTANT_CONVERSION = YES;
				CLANG_WARN_DEPRECATED_OBJC_IMPLEMENTATIONS = YES;
				CLANG_WARN_DIRECT_OBJC_ISA_USAGE = YES_ERROR;
				CLANG_WARN_DOCUMENTATION_COMMENTS = YES;
				CLANG_WARN_EMPTY_BODY = YES;
				CLANG_WARN_ENUM_CONVERSION = YES;
				CLANG_WARN_INFINITE_RECURSION = YES;
				CLANG_WARN_INT_CONVERSION = YES;
				CLANG_WARN_NON_LITERAL_NULL_CONVERSION = YES;
				CLANG_WARN_OBJC_IMPLICIT_RETAIN_SELF = YES;
				CLANG_WARN_OBJC_LITERAL_CONVERSION = YES;
				CLANG_WARN_OBJC_ROOT_CLASS = YES_ERROR;
				CLANG_WARN_QUOTED_INCLUDE_IN_FRAMEWORK_HEADER = YES;
				CLANG_WARN_RANGE_LOOP_ANALYSIS = YES;
				CLANG_WARN_STRICT_PROTOTYPES = YES;
				CLANG_WARN_SUSPICIOUS_MOVE = YES;
				CLANG_WARN_UNGUARDED_AVAILABILITY = YES_AGGRESSIVE;
				CLANG_WARN_UNREACHABLE_CODE = YES;
				CLANG_WARN__DUPLICATE_METHOD_MATCH = YES;
				COPY_PHASE_STRIP = NO;
				DEBUG_INFORMATION_FORMAT = "dwarf-with-dsym";
				ENABLE_NS_ASSERTIONS = NO;
				ENABLE_STRICT_OBJC_MSGSEND = YES;
				GCC_C_LANGUAGE_STANDARD = gnu11;
				GCC_NO_COMMON_BLOCKS = YES;
				GCC_WARN_64_TO_32_BIT_CONVERSION = YES;
				GCC_WARN_ABOUT_RETURN_TYPE = YES_ERROR;
				GCC_WARN_UNDECLARED_SELECTOR = YES;
				GCC_WARN_UNINITIALIZED_AUTOS = YES_AGGRESSIVE;
				GCC_WARN_UNUSED_FUNCTION = YES;
				GCC_WARN_UNUSED_VARIABLE = YES;
				IPHONEOS_DEPLOYMENT_TARGET = 16.0;
				MTL_ENABLE_DEBUG_INFO = NO;
				MTL_FAST_MATH = YES;
				SDKROOT = iphoneos;
				SWIFT_COMPILATION_MODE = wholemodule;
				SWIFT_OPTIMIZATION_LEVEL = "-O";
				VALIDATE_PRODUCT = YES;
			};
			name = Release;
		};
		D800677928DAEE7900BFBDF1 /* Debug */ = {
			isa = XCBuildConfiguration;
			buildSettings = {
				ASSETCATALOG_COMPILER_APPICON_NAME = AppIcon;
				ASSETCATALOG_COMPILER_GLOBAL_ACCENT_COLOR_NAME = AccentColor;
				CODE_SIGN_STYLE = Automatic;
				CURRENT_PROJECT_VERSION = 1;
				DEVELOPMENT_TEAM = TK8FVHX9VB;
				GENERATE_INFOPLIST_FILE = YES;
				INFOPLIST_FILE = LoginProject/Info.plist;
				INFOPLIST_KEY_UIApplicationSupportsIndirectInputEvents = YES;
				INFOPLIST_KEY_UILaunchStoryboardName = LaunchScreen;
				INFOPLIST_KEY_UIMainStoryboardFile = Main;
				INFOPLIST_KEY_UISupportedInterfaceOrientations_iPad = "UIInterfaceOrientationPortrait UIInterfaceOrientationPortraitUpsideDown UIInterfaceOrientationLandscapeLeft UIInterfaceOrientationLandscapeRight";
				INFOPLIST_KEY_UISupportedInterfaceOrientations_iPhone = "UIInterfaceOrientationPortrait UIInterfaceOrientationLandscapeLeft UIInterfaceOrientationLandscapeRight";
				IPHONEOS_DEPLOYMENT_TARGET = 13.0;
				LD_RUNPATH_SEARCH_PATHS = (
					"$(inherited)",
					"@executable_path/Frameworks",
				);
				MARKETING_VERSION = 1.0;
				PRODUCT_BUNDLE_IDENTIFIER = "C-HW.LoginProject";
				PRODUCT_NAME = "$(TARGET_NAME)";
				SWIFT_EMIT_LOC_STRINGS = YES;
				SWIFT_VERSION = 5.0;
				TARGETED_DEVICE_FAMILY = "1,2";
			};
			name = Debug;
		};
		D800677A28DAEE7900BFBDF1 /* Release */ = {
			isa = XCBuildConfiguration;
			buildSettings = {
				ASSETCATALOG_COMPILER_APPICON_NAME = AppIcon;
				ASSETCATALOG_COMPILER_GLOBAL_ACCENT_COLOR_NAME = AccentColor;
				CODE_SIGN_STYLE = Automatic;
				CURRENT_PROJECT_VERSION = 1;
				DEVELOPMENT_TEAM = TK8FVHX9VB;
				GENERATE_INFOPLIST_FILE = YES;
				INFOPLIST_FILE = LoginProject/Info.plist;
				INFOPLIST_KEY_UIApplicationSupportsIndirectInputEvents = YES;
				INFOPLIST_KEY_UILaunchStoryboardName = LaunchScreen;
				INFOPLIST_KEY_UIMainStoryboardFile = Main;
				INFOPLIST_KEY_UISupportedInterfaceOrientations_iPad = "UIInterfaceOrientationPortrait UIInterfaceOrientationPortraitUpsideDown UIInterfaceOrientationLandscapeLeft UIInterfaceOrientationLandscapeRight";
				INFOPLIST_KEY_UISupportedInterfaceOrientations_iPhone = "UIInterfaceOrientationPortrait UIInterfaceOrientationLandscapeLeft UIInterfaceOrientationLandscapeRight";
				IPHONEOS_DEPLOYMENT_TARGET = 13.0;
				LD_RUNPATH_SEARCH_PATHS = (
					"$(inherited)",
					"@executable_path/Frameworks",
				);
				MARKETING_VERSION = 1.0;
				PRODUCT_BUNDLE_IDENTIFIER = "C-HW.LoginProject";
				PRODUCT_NAME = "$(TARGET_NAME)";
				SWIFT_EMIT_LOC_STRINGS = YES;
				SWIFT_VERSION = 5.0;
				TARGETED_DEVICE_FAMILY = "1,2";
			};
			name = Release;
		};
		D800677C28DAEE7900BFBDF1 /* Debug */ = {
			isa = XCBuildConfiguration;
			buildSettings = {
				ALWAYS_EMBED_SWIFT_STANDARD_LIBRARIES = YES;
				BUNDLE_LOADER = "$(TEST_HOST)";
				CODE_SIGN_STYLE = Automatic;
				CURRENT_PROJECT_VERSION = 1;
				DEVELOPMENT_TEAM = TK8FVHX9VB;
				GENERATE_INFOPLIST_FILE = YES;
				IPHONEOS_DEPLOYMENT_TARGET = 16.0;
				MARKETING_VERSION = 1.0;
				PRODUCT_BUNDLE_IDENTIFIER = "C-HW.LoginProjectTests";
				PRODUCT_NAME = "$(TARGET_NAME)";
				SWIFT_EMIT_LOC_STRINGS = NO;
				SWIFT_VERSION = 5.0;
				TARGETED_DEVICE_FAMILY = "1,2";
				TEST_HOST = "$(BUILT_PRODUCTS_DIR)/LoginProject.app/$(BUNDLE_EXECUTABLE_FOLDER_PATH)/LoginProject";
			};
			name = Debug;
		};
		D800677D28DAEE7900BFBDF1 /* Release */ = {
			isa = XCBuildConfiguration;
			buildSettings = {
				ALWAYS_EMBED_SWIFT_STANDARD_LIBRARIES = YES;
				BUNDLE_LOADER = "$(TEST_HOST)";
				CODE_SIGN_STYLE = Automatic;
				CURRENT_PROJECT_VERSION = 1;
				DEVELOPMENT_TEAM = TK8FVHX9VB;
				GENERATE_INFOPLIST_FILE = YES;
				IPHONEOS_DEPLOYMENT_TARGET = 16.0;
				MARKETING_VERSION = 1.0;
				PRODUCT_BUNDLE_IDENTIFIER = "C-HW.LoginProjectTests";
				PRODUCT_NAME = "$(TARGET_NAME)";
				SWIFT_EMIT_LOC_STRINGS = NO;
				SWIFT_VERSION = 5.0;
				TARGETED_DEVICE_FAMILY = "1,2";
				TEST_HOST = "$(BUILT_PRODUCTS_DIR)/LoginProject.app/$(BUNDLE_EXECUTABLE_FOLDER_PATH)/LoginProject";
			};
			name = Release;
		};
		D800677F28DAEE7900BFBDF1 /* Debug */ = {
			isa = XCBuildConfiguration;
			buildSettings = {
				ALWAYS_EMBED_SWIFT_STANDARD_LIBRARIES = YES;
				CODE_SIGN_STYLE = Automatic;
				CURRENT_PROJECT_VERSION = 1;
				DEVELOPMENT_TEAM = TK8FVHX9VB;
				GENERATE_INFOPLIST_FILE = YES;
				MARKETING_VERSION = 1.0;
				PRODUCT_BUNDLE_IDENTIFIER = "C-HW.LoginProjectUITests";
				PRODUCT_NAME = "$(TARGET_NAME)";
				SWIFT_EMIT_LOC_STRINGS = NO;
				SWIFT_VERSION = 5.0;
				TARGETED_DEVICE_FAMILY = "1,2";
				TEST_TARGET_NAME = LoginProject;
			};
			name = Debug;
		};
		D800678028DAEE7900BFBDF1 /* Release */ = {
			isa = XCBuildConfiguration;
			buildSettings = {
				ALWAYS_EMBED_SWIFT_STANDARD_LIBRARIES = YES;
				CODE_SIGN_STYLE = Automatic;
				CURRENT_PROJECT_VERSION = 1;
				DEVELOPMENT_TEAM = TK8FVHX9VB;
				GENERATE_INFOPLIST_FILE = YES;
				MARKETING_VERSION = 1.0;
				PRODUCT_BUNDLE_IDENTIFIER = "C-HW.LoginProjectUITests";
				PRODUCT_NAME = "$(TARGET_NAME)";
				SWIFT_EMIT_LOC_STRINGS = NO;
				SWIFT_VERSION = 5.0;
				TARGETED_DEVICE_FAMILY = "1,2";
				TEST_TARGET_NAME = LoginProject;
			};
			name = Release;
		};
/* End XCBuildConfiguration section */

/* Begin XCConfigurationList section */
		D800674928DAEE7700BFBDF1 /* Build configuration list for PBXProject "LoginProject" */ = {
			isa = XCConfigurationList;
			buildConfigurations = (
				D800677628DAEE7900BFBDF1 /* Debug */,
				D800677728DAEE7900BFBDF1 /* Release */,
			);
			defaultConfigurationIsVisible = 0;
			defaultConfigurationName = Release;
		};
		D800677828DAEE7900BFBDF1 /* Build configuration list for PBXNativeTarget "LoginProject" */ = {
			isa = XCConfigurationList;
			buildConfigurations = (
				D800677928DAEE7900BFBDF1 /* Debug */,
				D800677A28DAEE7900BFBDF1 /* Release */,
			);
			defaultConfigurationIsVisible = 0;
			defaultConfigurationName = Release;
		};
		D800677B28DAEE7900BFBDF1 /* Build configuration list for PBXNativeTarget "LoginProjectTests" */ = {
			isa = XCConfigurationList;
			buildConfigurations = (
				D800677C28DAEE7900BFBDF1 /* Debug */,
				D800677D28DAEE7900BFBDF1 /* Release */,
			);
			defaultConfigurationIsVisible = 0;
			defaultConfigurationName = Release;
		};
		D800677E28DAEE7900BFBDF1 /* Build configuration list for PBXNativeTarget "LoginProjectUITests" */ = {
			isa = XCConfigurationList;
			buildConfigurations = (
				D800677F28DAEE7900BFBDF1 /* Debug */,
				D800678028DAEE7900BFBDF1 /* Release */,
			);
			defaultConfigurationIsVisible = 0;
			defaultConfigurationName = Release;
		};
/* End XCConfigurationList section */
	};
	rootObject = D800674628DAEE7700BFBDF1 /* Project object */;
}
